{
  "name": "npmconsumer",
  "version": "1.0.0",
  "lockfileVersion": 3,
  "requires": true,
  "packages": {
    "": {
      "name": "npmconsumer",
      "version": "1.0.0",
      "license": "ISC",
      "dependencies": {
        "com-microsoft-demo-colors": "^2.0.0"
      }
    },
    "node_modules/com-microsoft-demo-colors": {
      "version": "2.0.0",
      "resolved": "https://pkgs.dev.azure.com/vonurozardic/CrossPlatformConsoleApplication/_packaging/CrossPlatformConsoleFeed/npm/registry/com-microsoft-demo-colors/-/com-microsoft-demo-colors-2.0.0.tgz",
      "integrity": "sha1-1XfSC9MUj4o8gsqJvveAQ2BXKXo=",
      "license": "ISC"
    }
  }
}
